
Microsoft Visual Studio Solution File, Format Version 12.00
# Visual Studio Version 17
VisualStudioVersion = 17.7.34031.279
MinimumVisualStudioVersion = 10.0.40219.1
Project("{9A19103F-16F7-4668-BE54-9A1E7A4F7556}") = "HalloDoc", "HalloDoc\HalloDoc.csproj", "{B837453C-7C4E-4CEA-A024-2B76D4F6F845}"
EndProject
Global
	GlobalSection(SolutionConfigurationPlatforms) = preSolution
		Debug|Any CPU = Debug|Any CPU
		Release|Any CPU = Release|Any CPU
	EndGlobalSection
	GlobalSection(ProjectConfigurationPlatforms) = postSolution
		{B837453C-7C4E-4CEA-A024-2B76D4F6F845}.Debug|Any CPU.ActiveCfg = Debug|Any CPU
		{B837453C-7C4E-4CEA-A024-2B76D4F6F845}.Debug|Any CPU.Build.0 = Debug|Any CPU
		{B837453C-7C4E-4CEA-A024-2B76D4F6F845}.Release|Any CPU.ActiveCfg = Release|Any CPU
		{B837453C-7C4E-4CEA-A024-2B76D4F6F845}.Release|Any CPU.Build.0 = Release|Any CPU
	EndGlobalSection
	GlobalSection(SolutionProperties) = preSolution
		HideSolutionNode = FALSE
	EndGlobalSection
	GlobalSection(ExtensibilityGlobals) = postSolution
		SolutionGuid = {17DD833B-874A-4ED6-B2DD-9B512B503999}
	EndGlobalSection
EndGlobal
